
Microsoft Visual Studio Solution File, Format Version 12.00
# Visual Studio 15
VisualStudioVersion = 15.0.27428.2027
MinimumVisualStudioVersion = 10.0.40219.1
Project("{FAE04EC0-301F-11D3-BF4B-00C04F79EFBC}") = "WinAppDriverSample", "WinAppDriverSample\WinAppDriverSample.csproj", "{985FD258-75C7-4934-AC58-021B6F8F947A}"
EndProject
Global
	GlobalSection(SolutionConfigurationPlatforms) = preSolution
		Debug|Any CPU = Debug|Any CPU
		Release|Any CPU = Release|Any CPU
	EndGlobalSection
	GlobalSection(ProjectConfigurationPlatforms) = postSolution
		{985FD258-75C7-4934-AC58-021B6F8F947A}.Debug|Any CPU.ActiveCfg = Debug|Any CPU
		{985FD258-75C7-4934-AC58-021B6F8F947A}.Debug|Any CPU.Build.0 = Debug|Any CPU
		{985FD258-75C7-4934-AC58-021B6F8F947A}.Release|Any CPU.ActiveCfg = Release|Any CPU
		{985FD258-75C7-4934-AC58-021B6F8F947A}.Release|Any CPU.Build.0 = Release|Any CPU
	EndGlobalSection
	GlobalSection(SolutionProperties) = preSolution
		HideSolutionNode = FALSE
	EndGlobalSection
	GlobalSection(ExtensibilityGlobals) = postSolution
		SolutionGuid = {7AC88115-9ABA-4551-83B4-8DB5A78FEA2D}
	EndGlobalSection
EndGlobal
